
Microsoft Visual Studio Solution File, Format Version 12.00
# Visual Studio Version 17
VisualStudioVersion = 17.14.36603.0 d17.14
MinimumVisualStudioVersion = 10.0.40219.1
Project("{FAE04EC0-301F-11D3-BF4B-00C04F79EFBC}") = "SongV3", "SongV3\SongV3.csproj", "{A107CE2B-E4F2-4070-87BA-00CE603A5647}"
EndProject
Global
	GlobalSection(SolutionConfigurationPlatforms) = preSolution
		Debug|Any CPU = Debug|Any CPU
		Release|Any CPU = Release|Any CPU
	EndGlobalSection
	GlobalSection(ProjectConfigurationPlatforms) = postSolution
		{A107CE2B-E4F2-4070-87BA-00CE603A5647}.Debug|Any CPU.ActiveCfg = Debug|Any CPU
		{A107CE2B-E4F2-4070-87BA-00CE603A5647}.Debug|Any CPU.Build.0 = Debug|Any CPU
		{A107CE2B-E4F2-4070-87BA-00CE603A5647}.Release|Any CPU.ActiveCfg = Release|Any CPU
		{A107CE2B-E4F2-4070-87BA-00CE603A5647}.Release|Any CPU.Build.0 = Release|Any CPU
	EndGlobalSection
	GlobalSection(SolutionProperties) = preSolution
		HideSolutionNode = FALSE
	EndGlobalSection
	GlobalSection(ExtensibilityGlobals) = postSolution
		SolutionGuid = {B6D0D6FD-F0A5-40C5-8199-01546C7F036A}
	EndGlobalSection
EndGlobal
